// !$*UTF8*$!
{
	archiveVersion = 1;
	classes = {
	};
	objectVersion = 77;
	objects = {

/* Begin PBXBuildFile section */
		2A7FF58DEAB0A97CEE6BA6CF /* EagleEye/Models/Representative.swift in Sources */ = {isa = PBXBuildFile; fileRef = F7D0B29BC7BC65D443ECBD02 /* EagleEye/Models/Representative.swift */; };
		2E97C301C54C39D40871233C /* EagleEye/Services/Representatives/SenateService.swift in Sources */ = {isa = PBXBuildFile; fileRef = 32A5F89DAFF48F5A381EE153 /* EagleEye/Services/Representatives/SenateService.swift */; };
		6F04F0FBBCB773A548BF22C6 /* EagleEyeWidgetBundle.swift in Sources */ = {isa = PBXBuildFile; fileRef = 4A1E0F26589124F137552525 /* EagleEyeWidgetBundle.swift */; };
		ADA87801532AE17FF7D6A692 /* EagleEye/Models/Bill.swift in Sources */ = {isa = PBXBuildFile; fileRef = FCE025ADD4CD955F782E96B4 /* EagleEye/Models/Bill.swift */; };
		BEF922482FEC3B3800C3EE25 /* TO DO.md in Resources */ = {isa = PBXBuildFile; fileRef = BEF922472FEC3B3800C3EE25 /* TO DO.md */; };
		D37396D1CB292BD239CEB8CE /* TopBillWidget.swift in Sources */ = {isa = PBXBuildFile; fileRef = 086B23FDA18FBE1D53B95AD8 /* TopBillWidget.swift */; };
		D5E91942C1937F891E049668 /* EagleEyeWidgetExtension.appex in Embed Foundation Extensions */ = {isa = PBXBuildFile; fileRef = 96636A2B7D60CEDA95AEBC7E /* EagleEyeWidgetExtension.appex */; settings = {ATTRIBUTES = (RemoveHeaderFile, ); }; };
		E337A5590D5860F297E59422 /* EagleEye/Services/Representatives/CongressService.swift in Sources */ = {isa = PBXBuildFile; fileRef = 12D838790D522B322BAB1145 /* EagleEye/Services/Representatives/CongressService.swift */; };
/* End PBXBuildFile section */

/* Begin PBXContainerItemProxy section */
		3202932F44CA21B437FA6C52 /* PBXContainerItemProxy */ = {
			isa = PBXContainerItemProxy;
			containerPortal = BEF59A502FEB30D7009C2382 /* Project object */;
			proxyType = 1;
			remoteGlobalIDString = 38AB67BAF692767BB2FC4954;
			remoteInfo = EagleEyeWidgetExtension;
		};
		BEF59A662FEB30D9009C2382 /* PBXContainerItemProxy */ = {
			isa = PBXContainerItemProxy;
			containerPortal = BEF59A502FEB30D7009C2382 /* Project object */;
			proxyType = 1;
			remoteGlobalIDString = BEF59A572FEB30D7009C2382;
			remoteInfo = EagleEye;
		};
		BEF59A702FEB30D9009C2382 /* PBXContainerItemProxy */ = {
			isa = PBXContainerItemProxy;
			containerPortal = BEF59A502FEB30D7009C2382 /* Project object */;
			proxyType = 1;
			remoteGlobalIDString = BEF59A572FEB30D7009C2382;
			remoteInfo = EagleEye;
		};
/* End PBXContainerItemProxy section */

/* Begin PBXCopyFilesBuildPhase section */
		F7B38E76345F8565D20C7EF3 /* Embed Foundation Extensions */ = {
			isa = PBXCopyFilesBuildPhase;
			buildActionMask = 2147483647;
			dstPath = "";
			dstSubfolderSpec = 13;
			files = (
				D5E91942C1937F891E049668 /* EagleEyeWidgetExtension.appex in Embed Foundation Extensions */,
			);
			name = "Embed Foundation Extensions";
			runOnlyForDeploymentPostprocessing = 0;
		};
/* End PBXCopyFilesBuildPhase section */

/* Begin PBXFileReference section */
		086B23FDA18FBE1D53B95AD8 /* TopBillWidget.swift */ = {isa = PBXFileReference; lastKnownFileType = sourcecode.swift; path = TopBillWidget.swift; sourceTree = "<group>"; };
		12D838790D522B322BAB1145 /* EagleEye/Services/Representatives/CongressService.swift */ = {isa = PBXFileReference; lastKnownFileType = sourcecode.swift; path = EagleEye/Services/Representatives/CongressService.swift; sourceTree = SOURCE_ROOT; };
		32A5F89DAFF48F5A381EE153 /* EagleEye/Services/Representatives/SenateService.swift */ = {isa = PBXFileReference; lastKnownFileType = sourcecode.swift; path = EagleEye/Services/Representatives/SenateService.swift; sourceTree = SOURCE_ROOT; };
		4A1E0F26589124F137552525 /* EagleEyeWidgetBundle.swift */ = {isa = PBXFileReference; lastKnownFileType = sourcecode.swift; path = EagleEyeWidgetBundle.swift; sourceTree = "<group>"; };
		7B9A2E5BBC7EFE52F4AB0CD4 /* Info.plist */ = {isa = PBXFileReference; lastKnownFileType = text.plist.xml; path = Info.plist; sourceTree = "<group>"; };
		96636A2B7D60CEDA95AEBC7E /* EagleEyeWidgetExtension.appex */ = {isa = PBXFileReference; explicitFileType = "wrapper.app-extension"; includeInIndex = 0; path = EagleEyeWidgetExtension.appex; sourceTree = BUILT_PRODUCTS_DIR; };
		BEF59A582FEB30D7009C2382 /* EagleEye.app */ = {isa = PBXFileReference; explicitFileType = wrapper.application; includeInIndex = 0; path = EagleEye.app; sourceTree = BUILT_PRODUCTS_DIR; };
		BEF59A652FEB30D9009C2382 /* EagleEyeTests.xctest */ = {isa = PBXFileReference; explicitFileType = wrapper.cfbundle; includeInIndex = 0; path = EagleEyeTests.xctest; sourceTree = BUILT_PRODUCTS_DIR; };
		BEF59A6F2FEB30D9009C2382 /* EagleEyeUITests.xctest */ = {isa = PBXFileReference; explicitFileType = wrapper.cfbundle; includeInIndex = 0; path = EagleEyeUITests.xctest; sourceTree = BUILT_PRODUCTS_DIR; };
		BEF922472FEC3B3800C3EE25 /* TO DO.md */ = {isa = PBXFileReference; lastKnownFileType = net.daringfireball.markdown; path = "TO DO.md"; sourceTree = "<group>"; };
		F7D0B29BC7BC65D443ECBD02 /* EagleEye/Models/Representative.swift */ = {isa = PBXFileReference; lastKnownFileType = sourcecode.swift; path = EagleEye/Models/Representative.swift; sourceTree = SOURCE_ROOT; };
		FCE025ADD4CD955F782E96B4 /* EagleEye/Models/Bill.swift */ = {isa = PBXFileReference; lastKnownFileType = sourcecode.swift; path = EagleEye/Models/Bill.swift; sourceTree = SOURCE_ROOT; };
/* End PBXFileReference section */

/* Begin PBXFileSystemSynchronizedBuildFileExceptionSet section */
		E6EE0438A45F2BEE639E4333 /* Exceptions for "EagleEye" folder in "EagleEye" target */ = {
			isa = PBXFileSystemSynchronizedBuildFileExceptionSet;
			membershipExceptions = (
				Info.plist,
			);
			target = BEF59A572FEB30D7009C2382 /* EagleEye */;
		};
/* End PBXFileSystemSynchronizedBuildFileExceptionSet section */

/* Begin PBXFileSystemSynchronizedRootGroup section */
		BEF59A5A2FEB30D7009C2382 /* EagleEye */ = {
			isa = PBXFileSystemSynchronizedRootGroup;
			exceptions = (
				E6EE0438A45F2BEE639E4333 /* Exceptions for "EagleEye" folder in "EagleEye" target */,
			);
			path = EagleEye;
			sourceTree = "<group>";
		};
		BEF59A682FEB30D9009C2382 /* EagleEyeTests */ = {
			isa = PBXFileSystemSynchronizedRootGroup;
			path = EagleEyeTests;
			sourceTree = "<group>";
		};
		BEF59A722FEB30D9009C2382 /* EagleEyeUITests */ = {
			isa = PBXFileSystemSynchronizedRootGroup;
			path = EagleEyeUITests;
			sourceTree = "<group>";
		};
/* End PBXFileSystemSynchronizedRootGroup section */

/* Begin PBXFrameworksBuildPhase section */
		85A12C2BA7718ADC81BD7E6B /* Frameworks */ = {
			isa = PBXFrameworksBuildPhase;
			buildActionMask = 2147483647;
			files = (
			);
			runOnlyForDeploymentPostprocessing = 0;
		};
		BEF59A552FEB30D7009C2382 /* Frameworks */ = {
			isa = PBXFrameworksBuildPhase;
			buildActionMask = 2147483647;
			files = (
			);
			runOnlyForDeploymentPostprocessing = 0;
		};
		BEF59A622FEB30D9009C2382 /* Frameworks */ = {
			isa = PBXFrameworksBuildPhase;
			buildActionMask = 2147483647;
			files = (
			);
			runOnlyForDeploymentPostprocessing = 0;
		};
		BEF59A6C2FEB30D9009C2382 /* Frameworks */ = {
			isa = PBXFrameworksBuildPhase;
			buildActionMask = 2147483647;
			files = (
			);
			runOnlyForDeploymentPostprocessing = 0;
		};
/* End PBXFrameworksBuildPhase section */

/* Begin PBXGroup section */
		441AE070E5598AA61338C232 /* EagleEyeWidget */ = {
			isa = PBXGroup;
			children = (
				4A1E0F26589124F137552525 /* EagleEyeWidgetBundle.swift */,
				086B23FDA18FBE1D53B95AD8 /* TopBillWidget.swift */,
				7B9A2E5BBC7EFE52F4AB0CD4 /* Info.plist */,
			);
			path = EagleEyeWidget;
			sourceTree = "<group>";
		};
		BE59F25F3009251E0074DC84 /* Recovered References */ = {
			isa = PBXGroup;
			children = (
				FCE025ADD4CD955F782E96B4 /* EagleEye/Models/Bill.swift */,
				12D838790D522B322BAB1145 /* EagleEye/Services/Representatives/CongressService.swift */,
				32A5F89DAFF48F5A381EE153 /* EagleEye/Services/Representatives/SenateService.swift */,
				F7D0B29BC7BC65D443ECBD02 /* EagleEye/Models/Representative.swift */,
			);
			name = "Recovered References";
			sourceTree = "<group>";
		};
		BEF59A4F2FEB30D7009C2382 = {
			isa = PBXGroup;
			children = (
				BEF922472FEC3B3800C3EE25 /* TO DO.md */,
				BEF59A5A2FEB30D7009C2382 /* EagleEye */,
				BEF59A682FEB30D9009C2382 /* EagleEyeTests */,
				BEF59A722FEB30D9009C2382 /* EagleEyeUITests */,
				441AE070E5598AA61338C232 /* EagleEyeWidget */,
				BEF59A592FEB30D7009C2382 /* Products */,
				BE59F25F3009251E0074DC84 /* Recovered References */,
			);
			sourceTree = "<group>";
		};
		BEF59A592FEB30D7009C2382 /* Products */ = {
			isa = PBXGroup;
			children = (
				BEF59A582FEB30D7009C2382 /* EagleEye.app */,
				BEF59A652FEB30D9009C2382 /* EagleEyeTests.xctest */,
				BEF59A6F2FEB30D9009C2382 /* EagleEyeUITests.xctest */,
				96636A2B7D60CEDA95AEBC7E /* EagleEyeWidgetExtension.appex */,
			);
			name = Products;
			sourceTree = "<group>";
		};
/* End PBXGroup section */

/* Begin PBXNativeTarget section */
		38AB67BAF692767BB2FC4954 /* EagleEyeWidgetExtension */ = {
			isa = PBXNativeTarget;
			buildConfigurationList = 8D313644DCB81CA764BF21A0 /* Build configuration list for PBXNativeTarget "EagleEyeWidgetExtension" */;
			buildPhases = (
				A66A010AAEEB8851F01F65E3 /* Sources */,
				85A12C2BA7718ADC81BD7E6B /* Frameworks */,
				5BE84B438B21138A3C64BE6B /* Resources */,
			);
			buildRules = (
			);
			dependencies = (
			);
			name = EagleEyeWidgetExtension;
			packageProductDependencies = (
			);
			productName = EagleEyeWidgetExtension;
			productReference = 96636A2B7D60CEDA95AEBC7E /* EagleEyeWidgetExtension.appex */;
			productType = "com.apple.product-type.app-extension";
		};
		BEF59A572FEB30D7009C2382 /* EagleEye */ = {
			isa = PBXNativeTarget;
			buildConfigurationList = BEF59A792FEB30D9009C2382 /* Build configuration list for PBXNativeTarget "EagleEye" */;
			buildPhases = (
				BEF59A542FEB30D7009C2382 /* Sources */,
				BEF59A552FEB30D7009C2382 /* Frameworks */,
				BEF59A562FEB30D7009C2382 /* Resources */,
				F7B38E76345F8565D20C7EF3 /* Embed Foundation Extensions */,
			);
			buildRules = (
			);
			dependencies = (
				643E94124144AE3A27CDCC1C /* PBXTargetDependency */,
			);
			fileSystemSynchronizedGroups = (
				BEF59A5A2FEB30D7009C2382 /* EagleEye */,
			);
			name = EagleEye;
			packageProductDependencies = (
			);
			productName = EagleEye;
			productReference = BEF59A582FEB30D7009C2382 /* EagleEye.app */;
			productType = "com.apple.product-type.application";
		};
		BEF59A642FEB30D9009C2382 /* EagleEyeTests */ = {
			isa = PBXNativeTarget;
			buildConfigurationList = BEF59A7C2FEB30D9009C2382 /* Build configuration list for PBXNativeTarget "EagleEyeTests" */;
			buildPhases = (
				BEF59A612FEB30D9009C2382 /* Sources */,
				BEF59A622FEB30D9009C2382 /* Frameworks */,
				BEF59A632FEB30D9009C2382 /* Resources */,
			);
			buildRules = (
			);
			dependencies = (
				BEF59A672FEB30D9009C2382 /* PBXTargetDependency */,
			);
			fileSystemSynchronizedGroups = (
				BEF59A682FEB30D9009C2382 /* EagleEyeTests */,
			);
			name = EagleEyeTests;
			packageProductDependencies = (
			);
			productName = EagleEyeTests;
			productReference = BEF59A652FEB30D9009C2382 /* EagleEyeTests.xctest */;
			productType = "com.apple.product-type.bundle.unit-test";
		};
		BEF59A6E2FEB30D9009C2382 /* EagleEyeUITests */ = {
			isa = PBXNativeTarget;
			buildConfigurationList = BEF59A7F2FEB30D9009C2382 /* Build configuration list for PBXNativeTarget "EagleEyeUITests" */;
			buildPhases = (
				BEF59A6B2FEB30D9009C2382 /* Sources */,
				BEF59A6C2FEB30D9009C2382 /* Frameworks */,
				BEF59A6D2FEB30D9009C2382 /* Resources */,
			);
			buildRules = (
			);
			dependencies = (
				BEF59A712FEB30D9009C2382 /* PBXTargetDependency */,
			);
			fileSystemSynchronizedGroups = (
				BEF59A722FEB30D9009C2382 /* EagleEyeUITests */,
			);
			name = EagleEyeUITests;
			packageProductDependencies = (
			);
			productName = EagleEyeUITests;
			productReference = BEF59A6F2FEB30D9009C2382 /* EagleEyeUITests.xctest */;
			productType = "com.apple.product-type.bundle.ui-testing";
		};
/* End PBXNativeTarget section */

/* Begin PBXProject section */
		BEF59A502FEB30D7009C2382 /* Project object */ = {
			isa = PBXProject;
			attributes = {
				BuildIndependentTargetsInParallel = 1;
				LastSwiftUpdateCheck = 2650;
				LastUpgradeCheck = 2700;
				TargetAttributes = {
					38AB67BAF692767BB2FC4954 = {
						CreatedOnToolsVersion = 26.5;
					};
					BEF59A572FEB30D7009C2382 = {
						CreatedOnToolsVersion = 26.5;
					};
					BEF59A642FEB30D9009C2382 = {
						CreatedOnToolsVersion = 26.5;
						TestTargetID = BEF59A572FEB30D7009C2382;
					};
					BEF59A6E2FEB30D9009C2382 = {
						CreatedOnToolsVersion = 26.5;
						TestTargetID = BEF59A572FEB30D7009C2382;
					};
				};
			};
			buildConfigurationList = BEF59A532FEB30D7009C2382 /* Build configuration list for PBXProject "EagleEye" */;
			developmentRegion = en;
			hasScannedForEncodings = 0;
			knownRegions = (
				en,
				Base,
				es,
			);
			mainGroup = BEF59A4F2FEB30D7009C2382;
			minimizedProjectReferenceProxies = 1;
			preferredProjectObjectVersion = 77;
			productRefGroup = BEF59A592FEB30D7009C2382 /* Products */;
			projectDirPath = "";
			projectRoot = "";
			targets = (
				BEF59A572FEB30D7009C2382 /* EagleEye */,
				BEF59A642FEB30D9009C2382 /* EagleEyeTests */,
				BEF59A6E2FEB30D9009C2382 /* EagleEyeUITests */,
				38AB67BAF692767BB2FC4954 /* EagleEyeWidgetExtension */,
			);
		};
/* End PBXProject section */

/* Begin PBXResourcesBuildPhase section */
		5BE84B438B21138A3C64BE6B /* Resources */ = {
			isa = PBXResourcesBuildPhase;
			buildActionMask = 2147483647;
			files = (
			);
			runOnlyForDeploymentPostprocessing = 0;
		};
		BEF59A562FEB30D7009C2382 /* Resources */ = {
			isa = PBXResourcesBuildPhase;
			buildActionMask = 2147483647;
			files = (
				BEF922482FEC3B3800C3EE25 /* TO DO.md in Resources */,
			);
			runOnlyForDeploymentPostprocessing = 0;
		};
		BEF59A632FEB30D9009C2382 /* Resources */ = {
			isa = PBXResourcesBuildPhase;
			buildActionMask = 2147483647;
			files = (
			);
			runOnlyForDeploymentPostprocessing = 0;
		};
		BEF59A6D2FEB30D9009C2382 /* Resources */ = {
			isa = PBXResourcesBuildPhase;
			buildActionMask = 2147483647;
			files = (
			);
			runOnlyForDeploymentPostprocessing = 0;
		};
/* End PBXResourcesBuildPhase section */

/* Begin PBXSourcesBuildPhase section */
		A66A010AAEEB8851F01F65E3 /* Sources */ = {
			isa = PBXSourcesBuildPhase;
			buildActionMask = 2147483647;
			files = (
				6F04F0FBBCB773A548BF22C6 /* EagleEyeWidgetBundle.swift in Sources */,
				D37396D1CB292BD239CEB8CE /* TopBillWidget.swift in Sources */,
				ADA87801532AE17FF7D6A692 /* EagleEye/Models/Bill.swift in Sources */,
				E337A5590D5860F297E59422 /* EagleEye/Services/Representatives/CongressService.swift in Sources */,
				2E97C301C54C39D40871233C /* EagleEye/Services/Representatives/SenateService.swift in Sources */,
				2A7FF58DEAB0A97CEE6BA6CF /* EagleEye/Models/Representative.swift in Sources */,
			);
			runOnlyForDeploymentPostprocessing = 0;
		};
		BEF59A542FEB30D7009C2382 /* Sources */ = {
			isa = PBXSourcesBuildPhase;
			buildActionMask = 2147483647;
			files = (
			);
			runOnlyForDeploymentPostprocessing = 0;
		};
		BEF59A612FEB30D9009C2382 /* Sources */ = {
			isa = PBXSourcesBuildPhase;
			buildActionMask = 2147483647;
			files = (
			);
			runOnlyForDeploymentPostprocessing = 0;
		};
		BEF59A6B2FEB30D9009C2382 /* Sources */ = {
			isa = PBXSourcesBuildPhase;
			buildActionMask = 2147483647;
			files = (
			);
			runOnlyForDeploymentPostprocessing = 0;
		};
/* End PBXSourcesBuildPhase section */

/* Begin PBXTargetDependency section */
		643E94124144AE3A27CDCC1C /* PBXTargetDependency */ = {
			isa = PBXTargetDependency;
			target = 38AB67BAF692767BB2FC4954 /* EagleEyeWidgetExtension */;
			targetProxy = 3202932F44CA21B437FA6C52 /* PBXContainerItemProxy */;
		};
		BEF59A672FEB30D9009C2382 /* PBXTargetDependency */ = {
			isa = PBXTargetDependency;
			target = BEF59A572FEB30D7009C2382 /* EagleEye */;
			targetProxy = BEF59A662FEB30D9009C2382 /* PBXContainerItemProxy */;
		};
		BEF59A712FEB30D9009C2382 /* PBXTargetDependency */ = {
			isa = PBXTargetDependency;
			target = BEF59A572FEB30D7009C2382 /* EagleEye */;
			targetProxy = BEF59A702FEB30D9009C2382 /* PBXContainerItemProxy */;
		};
/* End PBXTargetDependency section */

/* Begin XCBuildConfiguration section */
		71B1B371D1CBEFD42D6294E4 /* Debug */ = {
			isa = XCBuildConfiguration;
			buildSettings = {
				CODE_SIGN_STYLE = Automatic;
				CURRENT_PROJECT_VERSION = 2;
				DEVELOPMENT_TEAM = 4X76DT8A23;
				GENERATE_INFOPLIST_FILE = NO;
				INFOPLIST_FILE = EagleEyeWidget/Info.plist;
				IPHONEOS_DEPLOYMENT_TARGET = 18.0;
				LD_RUNPATH_SEARCH_PATHS = (
					"$(inherited)",
					"@executable_path/Frameworks",
					"@executable_path/../../Frameworks",
				);
				MARKETING_VERSION = 1.0;
				PRODUCT_BUNDLE_IDENTIFIER = Sawyer.EagleEye.EagleEyeWidgetExtension;
				PRODUCT_NAME = "$(TARGET_NAME)";
				SKIP_INSTALL = YES;
				SWIFT_APPROACHABLE_CONCURRENCY = YES;
				SWIFT_EMIT_LOC_STRINGS = YES;
				SWIFT_VERSION = 5.0;
				TARGETED_DEVICE_FAMILY = "1,2";
			};
			name = Debug;
		};
		969BF5CC034F205DEBD3D559 /* Release */ = {
			isa = XCBuildConfiguration;
			buildSettings = {
				CODE_SIGN_STYLE = Automatic;
				CURRENT_PROJECT_VERSION = 2;
				DEVELOPMENT_TEAM = 4X76DT8A23;
				GENERATE_INFOPLIST_FILE = NO;
				INFOPLIST_FILE = EagleEyeWidget/Info.plist;
				IPHONEOS_DEPLOYMENT_TARGET = 18.0;
				LD_RUNPATH_SEARCH_PATHS = (
					"$(inherited)",
					"@executable_path/Frameworks",
					"@executable_path/../../Frameworks",
				);
				MARKETING_VERSION = 1.0;
				PRODUCT_BUNDLE_IDENTIFIER = Sawyer.EagleEye.EagleEyeWidgetExtension;
				PRODUCT_NAME = "$(TARGET_NAME)";
				SKIP_INSTALL = YES;
				SWIFT_APPROACHABLE_CONCURRENCY = YES;
				SWIFT_EMIT_LOC_STRINGS = YES;
				SWIFT_VERSION = 5.0;
				TARGETED_DEVICE_FAMILY = "1,2";
			};
			name = Release;
		};
		BEF59A772FEB30D9009C2382 /* Debug */ = {
			isa = XCBuildConfiguration;
			buildSettings = {
				ALWAYS_SEARCH_USER_PATHS = NO;
				ASSETCATALOG_COMPILER_GENERATE_SWIFT_ASSET_SYMBOL_EXTENSIONS = YES;
				CLANG_ANALYZER_NONNULL = YES;
				CLANG_ANALYZER_NUMBER_OBJECT_CONVERSION = YES_AGGRESSIVE;
				CLANG_CXX_LANGUAGE_STANDARD = "gnu++20";
				CLANG_ENABLE_MODULES = YES;
				CLANG_ENABLE_OBJC_ARC = YES;
				CLANG_ENABLE_OBJC_WEAK = YES;
				CLANG_WARN_BLOCK_CAPTURE_AUTORELEASING = YES;
				CLANG_WARN_BOOL_CONVERSION = YES;
				CLANG_WARN_COMMA = YES;
				CLANG_WARN_CONSTANT_CONVERSION = YES;
				CLANG_WARN_DEPRECATED_OBJC_IMPLEMENTATIONS = YES;
				CLANG_WARN_DIRECT_OBJC_ISA_USAGE = YES_ERROR;
				CLANG_WARN_DOCUMENTATION_COMMENTS = YES;
				CLANG_WARN_EMPTY_BODY = YES;
				CLANG_WARN_ENUM_CONVERSION = YES;
				CLANG_WARN_INFINITE_RECURSION = YES;
				CLANG_WARN_INT_CONVERSION = YES;
				CLANG_WARN_NON_LITERAL_NULL_CONVERSION = YES;
				CLANG_WARN_OBJC_IMPLICIT_RETAIN_SELF = YES;
				CLANG_WARN_OBJC_LITERAL_CONVERSION = YES;
				CLANG_WARN_OBJC_ROOT_CLASS = YES_ERROR;
				CLANG_WARN_QUOTED_INCLUDE_IN_FRAMEWORK_HEADER = YES;
				CLANG_WARN_RANGE_LOOP_ANALYSIS = YES;
				CLANG_WARN_STRICT_PROTOTYPES = YES;
				CLANG_WARN_SUSPICIOUS_MOVE = YES;
				CLANG_WARN_UNGUARDED_AVAILABILITY = YES_AGGRESSIVE;
				CLANG_WARN_UNREACHABLE_CODE = YES;
				CLANG_WARN__DUPLICATE_METHOD_MATCH = YES;
				COPY_PHASE_STRIP = NO;
				DEBUG_INFORMATION_FORMAT = dwarf;
				DEVELOPMENT_TEAM = 4X76DT8A23;
				ENABLE_STRICT_OBJC_MSGSEND = YES;
				ENABLE_TESTABILITY = YES;
				ENABLE_USER_SCRIPT_SANDBOXING = YES;
				GCC_C_LANGUAGE_STANDARD = gnu17;
				GCC_DYNAMIC_NO_PIC = NO;
				GCC_NO_COMMON_BLOCKS = YES;
				GCC_OPTIMIZATION_LEVEL = 0;
				GCC_PREPROCESSOR_DEFINITIONS = (
					"DEBUG=1",
					"$(inherited)",
				);
				GCC_WARN_64_TO_32_BIT_CONVERSION = YES;
				GCC_WARN_ABOUT_RETURN_TYPE = YES_ERROR;
				GCC_WARN_UNDECLARED_SELECTOR = YES;
				GCC_WARN_UNINITIALIZED_AUTOS = YES_AGGRESSIVE;
				GCC_WARN_UNUSED_FUNCTION = YES;
				GCC_WARN_UNUSED_VARIABLE = YES;
				IPHONEOS_DEPLOYMENT_TARGET = 26.5;
				LOCALIZATION_PREFERS_STRING_CATALOGS = YES;
				MTL_ENABLE_DEBUG_INFO = INCLUDE_SOURCE;
				MTL_FAST_MATH = YES;
				ONLY_ACTIVE_ARCH = YES;
				SDKROOT = iphoneos;
				STRING_CATALOG_GENERATE_SYMBOLS = YES;
				SWIFT_ACTIVE_COMPILATION_CONDITIONS = "DEBUG $(inherited)";
				SWIFT_EMIT_LOC_STRINGS = YES;
				SWIFT_OPTIMIZATION_LEVEL = "-Onone";
			};
			name = Debug;
		};
		BEF59A782FEB30D9009C2382 /* Release */ = {
			isa = XCBuildConfiguration;
			buildSettings = {
				ALWAYS_SEARCH_USER_PATHS = NO;
				ASSETCATALOG_COMPILER_GENERATE_SWIFT_ASSET_SYMBOL_EXTENSIONS = YES;
				CLANG_ANALYZER_NONNULL = YES;
				CLANG_ANALYZER_NUMBER_OBJECT_CONVERSION = YES_AGGRESSIVE;
				CLANG_CXX_LANGUAGE_STANDARD = "gnu++20";
				CLANG_ENABLE_MODULES = YES;
				CLANG_ENABLE_OBJC_ARC = YES;
				CLANG_ENABLE_OBJC_WEAK = YES;
				CLANG_WARN_BLOCK_CAPTURE_AUTORELEASING = YES;
				CLANG_WARN_BOOL_CONVERSION = YES;
				CLANG_WARN_COMMA = YES;
				CLANG_WARN_CONSTANT_CONVERSION = YES;
				CLANG_WARN_DEPRECATED_OBJC_IMPLEMENTATIONS = YES;
				CLANG_WARN_DIRECT_OBJC_ISA_USAGE = YES_ERROR;
				CLANG_WARN_DOCUMENTATION_COMMENTS = YES;
				CLANG_WARN_EMPTY_BODY = YES;
				CLANG_WARN_ENUM_CONVERSION = YES;
				CLANG_WARN_INFINITE_RECURSION = YES;
				CLANG_WARN_INT_CONVERSION = YES;
				CLANG_WARN_NON_LITERAL_NULL_CONVERSION = YES;
				CLANG_WARN_OBJC_IMPLICIT_RETAIN_SELF = YES;
				CLANG_WARN_OBJC_LITERAL_CONVERSION = YES;
				CLANG_WARN_OBJC_ROOT_CLASS = YES_ERROR;
				CLANG_WARN_QUOTED_INCLUDE_IN_FRAMEWORK_HEADER = YES;
				CLANG_WARN_RANGE_LOOP_ANALYSIS = YES;
				CLANG_WARN_STRICT_PROTOTYPES = YES;
				CLANG_WARN_SUSPICIOUS_MOVE = YES;
				CLANG_WARN_UNGUARDED_AVAILABILITY = YES_AGGRESSIVE;
				CLANG_WARN_UNREACHABLE_CODE = YES;
				CLANG_WARN__DUPLICATE_METHOD_MATCH = YES;
				COPY_PHASE_STRIP = NO;
				DEBUG_INFORMATION_FORMAT = "dwarf-with-dsym";
				DEVELOPMENT_TEAM = 4X76DT8A23;
				ENABLE_NS_ASSERTIONS = NO;
				ENABLE_STRICT_OBJC_MSGSEND = YES;
				ENABLE_USER_SCRIPT_SANDBOXING = YES;
				GCC_C_LANGUAGE_STANDARD = gnu17;
				GCC_NO_COMMON_BLOCKS = YES;
				GCC_WARN_64_TO_32_BIT_CONVERSION = YES;
				GCC_WARN_ABOUT_RETURN_TYPE = YES_ERROR;
				GCC_WARN_UNDECLARED_SELECTOR = YES;
				GCC_WARN_UNINITIALIZED_AUTOS = YES_AGGRESSIVE;
				GCC_WARN_UNUSED_FUNCTION = YES;
				GCC_WARN_UNUSED_VARIABLE = YES;
				IPHONEOS_DEPLOYMENT_TARGET = 26.5;
				LOCALIZATION_PREFERS_STRING_CATALOGS = YES;
				MTL_ENABLE_DEBUG_INFO = NO;
				MTL_FAST_MATH = YES;
				SDKROOT = iphoneos;
				STRING_CATALOG_GENERATE_SYMBOLS = YES;
				SWIFT_COMPILATION_MODE = wholemodule;
				SWIFT_EMIT_LOC_STRINGS = YES;
				VALIDATE_PRODUCT = YES;
			};
			name = Release;
		};
		BEF59A7A2FEB30D9009C2382 /* Debug */ = {
			isa = XCBuildConfiguration;
			buildSettings = {
				ASSETCATALOG_COMPILER_APPICON_NAME = PoliticaAppIcon;
				ASSETCATALOG_COMPILER_GLOBAL_ACCENT_COLOR_NAME = AccentColor;
				CODE_SIGN_STYLE = Automatic;
				CURRENT_PROJECT_VERSION = 2;
				DEVELOPMENT_TEAM = 4X76DT8A23;
				ENABLE_PREVIEWS = YES;
				GENERATE_INFOPLIST_FILE = NO;
				INFOPLIST_FILE = EagleEye/Info.plist;
				IPHONEOS_DEPLOYMENT_TARGET = 18.0;
				LD_RUNPATH_SEARCH_PATHS = (
					"$(inherited)",
					"@executable_path/Frameworks",
				);
				MARKETING_VERSION = 1.0;
				PRODUCT_BUNDLE_IDENTIFIER = Sawyer.EagleEye;
				PRODUCT_NAME = "$(TARGET_NAME)";
				STRING_CATALOG_GENERATE_SYMBOLS = YES;
				SWIFT_APPROACHABLE_CONCURRENCY = YES;
				SWIFT_EMIT_LOC_STRINGS = YES;
				SWIFT_UPCOMING_FEATURE_MEMBER_IMPORT_VISIBILITY = YES;
				SWIFT_VERSION = 5.0;
				TARGETED_DEVICE_FAMILY = "1,2";
			};
			name = Debug;
		};
		BEF59A7B2FEB30D9009C2382 /* Release */ = {
			isa = XCBuildConfiguration;
			buildSettings = {
				ASSETCATALOG_COMPILER_APPICON_NAME = PoliticaAppIcon;
				ASSETCATALOG_COMPILER_GLOBAL_ACCENT_COLOR_NAME = AccentColor;
				CODE_SIGN_STYLE = Automatic;
				CURRENT_PROJECT_VERSION = 2;
				DEVELOPMENT_TEAM = 4X76DT8A23;
				ENABLE_PREVIEWS = YES;
				GENERATE_INFOPLIST_FILE = NO;
				INFOPLIST_FILE = EagleEye/Info.plist;
				IPHONEOS_DEPLOYMENT_TARGET = 18.0;
				LD_RUNPATH_SEARCH_PATHS = (
					"$(inherited)",
					"@executable_path/Frameworks",
				);
				MARKETING_VERSION = 1.0;
				PRODUCT_BUNDLE_IDENTIFIER = Sawyer.EagleEye;
				PRODUCT_NAME = "$(TARGET_NAME)";
				STRING_CATALOG_GENERATE_SYMBOLS = YES;
				SWIFT_APPROACHABLE_CONCURRENCY = YES;
				SWIFT_EMIT_LOC_STRINGS = YES;
				SWIFT_UPCOMING_FEATURE_MEMBER_IMPORT_VISIBILITY = YES;
				SWIFT_VERSION = 5.0;
				TARGETED_DEVICE_FAMILY = "1,2";
			};
			name = Release;
		};
		BEF59A7D2FEB30D9009C2382 /* Debug */ = {
			isa = XCBuildConfiguration;
			buildSettings = {
				BUNDLE_LOADER = "$(TEST_HOST)";
				CODE_SIGN_STYLE = Automatic;
				CURRENT_PROJECT_VERSION = 1;
				DEVELOPMENT_TEAM = 4X76DT8A23;
				GENERATE_INFOPLIST_FILE = YES;
				IPHONEOS_DEPLOYMENT_TARGET = 26.5;
				MARKETING_VERSION = 1.0;
				PRODUCT_BUNDLE_IDENTIFIER = Sawyer.EagleEyeTests;
				PRODUCT_NAME = "$(TARGET_NAME)";
				STRING_CATALOG_GENERATE_SYMBOLS = NO;
				SWIFT_APPROACHABLE_CONCURRENCY = YES;
				SWIFT_EMIT_LOC_STRINGS = NO;
				SWIFT_UPCOMING_FEATURE_MEMBER_IMPORT_VISIBILITY = YES;
				SWIFT_VERSION = 5.0;
				TARGETED_DEVICE_FAMILY = "1,2";
				TEST_HOST = "$(BUILT_PRODUCTS_DIR)/EagleEye.app/$(BUNDLE_EXECUTABLE_FOLDER_PATH)/EagleEye";
			};
			name = Debug;
		};
		BEF59A7E2FEB30D9009C2382 /* Release */ = {
			isa = XCBuildConfiguration;
			buildSettings = {
				BUNDLE_LOADER = "$(TEST_HOST)";
				CODE_SIGN_STYLE = Automatic;
				CURRENT_PROJECT_VERSION = 1;
				DEVELOPMENT_TEAM = 4X76DT8A23;
				GENERATE_INFOPLIST_FILE = YES;
				IPHONEOS_DEPLOYMENT_TARGET = 26.5;
				MARKETING_VERSION = 1.0;
				PRODUCT_BUNDLE_IDENTIFIER = Sawyer.EagleEyeTests;
				PRODUCT_NAME = "$(TARGET_NAME)";
				STRING_CATALOG_GENERATE_SYMBOLS = NO;
				SWIFT_APPROACHABLE_CONCURRENCY = YES;
				SWIFT_EMIT_LOC_STRINGS = NO;
				SWIFT_UPCOMING_FEATURE_MEMBER_IMPORT_VISIBILITY = YES;
				SWIFT_VERSION = 5.0;
				TARGETED_DEVICE_FAMILY = "1,2";
				TEST_HOST = "$(BUILT_PRODUCTS_DIR)/EagleEye.app/$(BUNDLE_EXECUTABLE_FOLDER_PATH)/EagleEye";
			};
			name = Release;
		};
		BEF59A802FEB30D9009C2382 /* Debug */ = {
			isa = XCBuildConfiguration;
			buildSettings = {
				CODE_SIGN_STYLE = Automatic;
				CURRENT_PROJECT_VERSION = 1;
				DEVELOPMENT_TEAM = 4X76DT8A23;
				GENERATE_INFOPLIST_FILE = YES;
				MARKETING_VERSION = 1.0;
				PRODUCT_BUNDLE_IDENTIFIER = Sawyer.EagleEyeUITests;
				PRODUCT_NAME = "$(TARGET_NAME)";
				STRING_CATALOG_GENERATE_SYMBOLS = NO;
				SWIFT_APPROACHABLE_CONCURRENCY = YES;
				SWIFT_EMIT_LOC_STRINGS = NO;
				SWIFT_UPCOMING_FEATURE_MEMBER_IMPORT_VISIBILITY = YES;
				SWIFT_VERSION = 5.0;
				TARGETED_DEVICE_FAMILY = "1,2";
				TEST_TARGET_NAME = EagleEye;
			};
			name = Debug;
		};
		BEF59A812FEB30D9009C2382 /* Release */ = {
			isa = XCBuildConfiguration;
			buildSettings = {
				CODE_SIGN_STYLE = Automatic;
				CURRENT_PROJECT_VERSION = 1;
				DEVELOPMENT_TEAM = 4X76DT8A23;
				GENERATE_INFOPLIST_FILE = YES;
				MARKETING_VERSION = 1.0;
				PRODUCT_BUNDLE_IDENTIFIER = Sawyer.EagleEyeUITests;
				PRODUCT_NAME = "$(TARGET_NAME)";
				STRING_CATALOG_GENERATE_SYMBOLS = NO;
				SWIFT_APPROACHABLE_CONCURRENCY = YES;
				SWIFT_EMIT_LOC_STRINGS = NO;
				SWIFT_UPCOMING_FEATURE_MEMBER_IMPORT_VISIBILITY = YES;
				SWIFT_VERSION = 5.0;
				TARGETED_DEVICE_FAMILY = "1,2";
				TEST_TARGET_NAME = EagleEye;
			};
			name = Release;
		};
/* End XCBuildConfiguration section */

/* Begin XCConfigurationList section */
		8D313644DCB81CA764BF21A0 /* Build configuration list for PBXNativeTarget "EagleEyeWidgetExtension" */ = {
			isa = XCConfigurationList;
			buildConfigurations = (
				71B1B371D1CBEFD42D6294E4 /* Debug */,
				969BF5CC034F205DEBD3D559 /* Release */,
			);
			defaultConfigurationIsVisible = 0;
			defaultConfigurationName = Release;
		};
		BEF59A532FEB30D7009C2382 /* Build configuration list for PBXProject "EagleEye" */ = {
			isa = XCConfigurationList;
			buildConfigurations = (
				BEF59A772FEB30D9009C2382 /* Debug */,
				BEF59A782FEB30D9009C2382 /* Release */,
			);
			defaultConfigurationIsVisible = 0;
			defaultConfigurationName = Release;
		};
		BEF59A792FEB30D9009C2382 /* Build configuration list for PBXNativeTarget "EagleEye" */ = {
			isa = XCConfigurationList;
			buildConfigurations = (
				BEF59A7A2FEB30D9009C2382 /* Debug */,
				BEF59A7B2FEB30D9009C2382 /* Release */,
			);
			defaultConfigurationIsVisible = 0;
			defaultConfigurationName = Release;
		};
		BEF59A7C2FEB30D9009C2382 /* Build configuration list for PBXNativeTarget "EagleEyeTests" */ = {
			isa = XCConfigurationList;
			buildConfigurations = (
				BEF59A7D2FEB30D9009C2382 /* Debug */,
				BEF59A7E2FEB30D9009C2382 /* Release */,
			);
			defaultConfigurationIsVisible = 0;
			defaultConfigurationName = Release;
		};
		BEF59A7F2FEB30D9009C2382 /* Build configuration list for PBXNativeTarget "EagleEyeUITests" */ = {
			isa = XCConfigurationList;
			buildConfigurations = (
				BEF59A802FEB30D9009C2382 /* Debug */,
				BEF59A812FEB30D9009C2382 /* Release */,
			);
			defaultConfigurationIsVisible = 0;
			defaultConfigurationName = Release;
		};
/* End XCConfigurationList section */
	};
	rootObject = BEF59A502FEB30D7009C2382 /* Project object */;
}
